
Microsoft Visual Studio Solution File, Format Version 12.00
# Visual Studio 15
VisualStudioVersion = 15.0.27130.2036
MinimumVisualStudioVersion = 10.0.40219.1
Project("{FAE04EC0-301F-11D3-BF4B-00C04F79EFBC}") = "OThinker.H3.Example", "OThinker.H3.Example\OThinker.H3.Example.csproj", "{F6FB6E28-5471-405C-94D1-5620EF429D5D}"
EndProject
Global
	GlobalSection(SolutionConfigurationPlatforms) = preSolution
		Debug|Any CPU = Debug|Any CPU
		Release|Any CPU = Release|Any CPU
	EndGlobalSection
	GlobalSection(ProjectConfigurationPlatforms) = postSolution
		{F6FB6E28-5471-405C-94D1-5620EF429D5D}.Debug|Any CPU.ActiveCfg = Debug|Any CPU
		{F6FB6E28-5471-405C-94D1-5620EF429D5D}.Debug|Any CPU.Build.0 = Debug|Any CPU
		{F6FB6E28-5471-405C-94D1-5620EF429D5D}.Release|Any CPU.ActiveCfg = Release|Any CPU
		{F6FB6E28-5471-405C-94D1-5620EF429D5D}.Release|Any CPU.Build.0 = Release|Any CPU
	EndGlobalSection
	GlobalSection(SolutionProperties) = preSolution
		HideSolutionNode = FALSE
	EndGlobalSection
	GlobalSection(ExtensibilityGlobals) = postSolution
		SolutionGuid = {936F215C-0210-48E8-AC2E-DADD1F506DFA}
	EndGlobalSection
EndGlobal
